
Microsoft Visual Studio Solution File, Format Version 12.00
# Visual Studio 2012
Project("{FAE04EC0-301F-11D3-BF4B-00C04F79EFBC}") = "WeatherApp", "WeatherApp\WeatherApp.csproj", "{31D1AAFD-2785-4524-AF24-48173D106447}"
EndProject
Global
	GlobalSection(SolutionConfigurationPlatforms) = preSolution
		Debug|Any CPU = Debug|Any CPU
		Release|Any CPU = Release|Any CPU
	EndGlobalSection
	GlobalSection(ProjectConfigurationPlatforms) = postSolution
		{31D1AAFD-2785-4524-AF24-48173D106447}.Debug|Any CPU.ActiveCfg = Debug|Any CPU
		{31D1AAFD-2785-4524-AF24-48173D106447}.Debug|Any CPU.Build.0 = Debug|Any CPU
		{31D1AAFD-2785-4524-AF24-48173D106447}.Release|Any CPU.ActiveCfg = Release|Any CPU
		{31D1AAFD-2785-4524-AF24-48173D106447}.Release|Any CPU.Build.0 = Release|Any CPU
	EndGlobalSection
	GlobalSection(SolutionProperties) = preSolution
		HideSolutionNode = FALSE
	EndGlobalSection
EndGlobal
